
Microsoft Visual Studio Solution File, Format Version 12.00
# Visual Studio 15
VisualStudioVersion = 15.0.27703.2042
MinimumVisualStudioVersion = 10.0.40219.1
Project("{FAE04EC0-301F-11D3-BF4B-00C04F79EFBC}") = "BoxRebinder", "BoxRebinder\BoxRebinder.csproj", "{9BBCACA3-E3C3-4775-85C9-1B22B635ED23}"
EndProject
Global
	GlobalSection(SolutionConfigurationPlatforms) = preSolution
		Debug|Any CPU = Debug|Any CPU
		Release|Any CPU = Release|Any CPU
	EndGlobalSection
	GlobalSection(ProjectConfigurationPlatforms) = postSolution
		{9BBCACA3-E3C3-4775-85C9-1B22B635ED23}.Debug|Any CPU.ActiveCfg = Debug|Any CPU
		{9BBCACA3-E3C3-4775-85C9-1B22B635ED23}.Debug|Any CPU.Build.0 = Debug|Any CPU
		{9BBCACA3-E3C3-4775-85C9-1B22B635ED23}.Release|Any CPU.ActiveCfg = Release|Any CPU
		{9BBCACA3-E3C3-4775-85C9-1B22B635ED23}.Release|Any CPU.Build.0 = Release|Any CPU
	EndGlobalSection
	GlobalSection(SolutionProperties) = preSolution
		HideSolutionNode = FALSE
	EndGlobalSection
	GlobalSection(ExtensibilityGlobals) = postSolution
		SolutionGuid = {D49D13BA-A454-44E1-A645-E23A361BDECE}
	EndGlobalSection
EndGlobal
